
Microsoft Visual Studio Solution File, Format Version 12.00
# Visual Studio Version 17
VisualStudioVersion = 17.3.32901.215
MinimumVisualStudioVersion = 10.0.40219.1
Project("{8BC9CEB8-8B4A-11D0-8D11-00A0C91BC942}") = "png", "fab\msc\png.vcxproj", "{3EC069BC-327B-4060-99BB-C7243F37A963}"
EndProject
Project("{8BC9CEB8-8B4A-11D0-8D11-00A0C91BC942}") = "example", "fab\msc\examples\example.vcxproj", "{2A71F4FE-8812-43E8-8734-4B4148CDB502}"
	ProjectSection(ProjectDependencies) = postProject
		{3EC069BC-327B-4060-99BB-C7243F37A963} = {3EC069BC-327B-4060-99BB-C7243F37A963}
	EndProjectSection
EndProject
Project("{8BC9CEB8-8B4A-11D0-8D11-00A0C91BC942}") = "pngtest", "fab\msc\pngtest.vcxproj", "{F7C75BB0-9D27-4C88-BFFD-1D97E768DF91}"
	ProjectSection(ProjectDependencies) = postProject
		{3EC069BC-327B-4060-99BB-C7243F37A963} = {3EC069BC-327B-4060-99BB-C7243F37A963}
	EndProjectSection
EndProject
Project("{8BC9CEB8-8B4A-11D0-8D11-00A0C91BC942}") = "pngvalid", "fab\msc\pngvalid.vcxproj", "{697AB391-07CE-4F3A-B4CB-80077FF7CD85}"
	ProjectSection(ProjectDependencies) = postProject
		{3EC069BC-327B-4060-99BB-C7243F37A963} = {3EC069BC-327B-4060-99BB-C7243F37A963}
	EndProjectSection
EndProject
Project("{8BC9CEB8-8B4A-11D0-8D11-00A0C91BC942}") = "pngunknown", "fab\msc\pngunknown.vcxproj", "{8357BC05-1080-4D51-B46C-8FF7F7013970}"
	ProjectSection(ProjectDependencies) = postProject
		{3EC069BC-327B-4060-99BB-C7243F37A963} = {3EC069BC-327B-4060-99BB-C7243F37A963}
	EndProjectSection
EndProject
Project("{8BC9CEB8-8B4A-11D0-8D11-00A0C91BC942}") = "pngstest", "fab\msc\pngstest.vcxproj", "{757112A1-FC49-40C3-BDC7-D2F25955F65B}"
	ProjectSection(ProjectDependencies) = postProject
		{3EC069BC-327B-4060-99BB-C7243F37A963} = {3EC069BC-327B-4060-99BB-C7243F37A963}
	EndProjectSection
EndProject
Project("{8BC9CEB8-8B4A-11D0-8D11-00A0C91BC942}") = "pngpixel", "fab\msc\examples\pngpixel.vcxproj", "{86F8592A-9B2C-43E5-B74F-9FE5A659FD65}"
	ProjectSection(ProjectDependencies) = postProject
		{3EC069BC-327B-4060-99BB-C7243F37A963} = {3EC069BC-327B-4060-99BB-C7243F37A963}
	EndProjectSection
EndProject
Project("{8BC9CEB8-8B4A-11D0-8D11-00A0C91BC942}") = "pngtopng", "fab\msc\examples\pngtopng.vcxproj", "{F31ACCED-9B67-4F6A-9370-775AD7193ED6}"
	ProjectSection(ProjectDependencies) = postProject
		{3EC069BC-327B-4060-99BB-C7243F37A963} = {3EC069BC-327B-4060-99BB-C7243F37A963}
	EndProjectSection
EndProject
Project("{2150E333-8FDC-42A3-9474-1A3956D46DE8}") = "examples", "examples", "{2969D47C-3FEF-4165-B594-DC794948EE16}"
EndProject
Project("{8BC9CEB8-8B4A-11D0-8D11-00A0C91BC942}") = "iccfrompng", "fab\msc\examples\iccfrompng.vcxproj", "{7F2817C7-914B-4F6A-92AA-9036BB1BF456}"
	ProjectSection(ProjectDependencies) = postProject
		{3EC069BC-327B-4060-99BB-C7243F37A963} = {3EC069BC-327B-4060-99BB-C7243F37A963}
	EndProjectSection
EndProject
Project("{8BC9CEB8-8B4A-11D0-8D11-00A0C91BC942}") = "simpleover", "fab\msc\examples\simpleover.vcxproj", "{0B7228BE-85EA-4450-95D0-2FB9FE0B64F2}"
	ProjectSection(ProjectDependencies) = postProject
		{3EC069BC-327B-4060-99BB-C7243F37A963} = {3EC069BC-327B-4060-99BB-C7243F37A963}
	EndProjectSection
EndProject
Project("{8BC9CEB8-8B4A-11D0-8D11-00A0C91BC942}") = "visupng", "fab\msc\examples\visupng.vcxproj", "{1069861B-C321-49EE-BE88-F5D86B48B5E9}"
	ProjectSection(ProjectDependencies) = postProject
		{3EC069BC-327B-4060-99BB-C7243F37A963} = {3EC069BC-327B-4060-99BB-C7243F37A963}
	EndProjectSection
EndProject
Project("{2150E333-8FDC-42A3-9474-1A3956D46DE8}") = "tests", "tests", "{BEC6C33A-46EB-4578-89D7-04D03829C25E}"
EndProject
Project("{8BC9CEB8-8B4A-11D0-8D11-00A0C91BC942}") = "pngimage", "fab\msc\pngimage.vcxproj", "{0BA51F1A-C217-4D70-8F1E-A6FE74AB9680}"
	ProjectSection(ProjectDependencies) = postProject
		{3EC069BC-327B-4060-99BB-C7243F37A963} = {3EC069BC-327B-4060-99BB-C7243F37A963}
	EndProjectSection
EndProject
Project("{8BC9CEB8-8B4A-11D0-8D11-00A0C91BC942}") = "checksum-icc", "fab\msc\tools\checksum-icc.vcxproj", "{E7DFA67C-F508-45AD-B2E5-953ADD04FECD}"
EndProject
Project("{8BC9CEB8-8B4A-11D0-8D11-00A0C91BC942}") = "cvtcolor", "fab\msc\tools\cvtcolor.vcxproj", "{580FF7AE-7BEC-4417-B41D-290EC3875932}"
EndProject
Project("{2150E333-8FDC-42A3-9474-1A3956D46DE8}") = "tools", "tools", "{35EBA5D1-8D1E-4E64-AAC4-683A98907C05}"
EndProject
Project("{8BC9CEB8-8B4A-11D0-8D11-00A0C91BC942}") = "genpng", "fab\msc\tools\genpng.vcxproj", "{0A82C134-C0E4-46F0-B4F0-7B5761665151}"
	ProjectSection(ProjectDependencies) = postProject
		{3EC069BC-327B-4060-99BB-C7243F37A963} = {3EC069BC-327B-4060-99BB-C7243F37A963}
	EndProjectSection
EndProject
Project("{8BC9CEB8-8B4A-11D0-8D11-00A0C91BC942}") = "makesRGB", "fab\msc\tools\makesRGB.vcxproj", "{C9FE6623-A4D2-42AE-8CFD-07D645056079}"
EndProject
Project("{8BC9CEB8-8B4A-11D0-8D11-00A0C91BC942}") = "pngcp", "fab\msc\tools\pngcp.vcxproj", "{2704F8A4-B3F2-428D-A5A0-BC0FB03D930D}"
	ProjectSection(ProjectDependencies) = postProject
		{3EC069BC-327B-4060-99BB-C7243F37A963} = {3EC069BC-327B-4060-99BB-C7243F37A963}
	EndProjectSection
EndProject
Project("{8BC9CEB8-8B4A-11D0-8D11-00A0C91BC942}") = "pngfix", "fab\msc\tools\pngfix.vcxproj", "{7B6DC8F6-364C-4371-A015-749B87A8278A}"
EndProject
Project("{8BC9CEB8-8B4A-11D0-8D11-00A0C91BC942}") = "png-fix-itxt", "fab\msc\tools\png-fix-itxt.vcxproj", "{808005BE-47D5-411B-B778-5DC9970FD329}"
EndProject
Global
	GlobalSection(SolutionConfigurationPlatforms) = preSolution
		Debug Library|x64 = Debug Library|x64
		Debug Library|x86 = Debug Library|x86
		Debug|x64 = Debug|x64
		Debug|x86 = Debug|x86
		Release Library|x64 = Release Library|x64
		Release Library|x86 = Release Library|x86
		Release|x64 = Release|x64
		Release|x86 = Release|x86
	EndGlobalSection
	GlobalSection(ProjectConfigurationPlatforms) = postSolution
		{3EC069BC-327B-4060-99BB-C7243F37A963}.Debug Library|x64.ActiveCfg = Debug|x64
		{3EC069BC-327B-4060-99BB-C7243F37A963}.Debug Library|x64.Build.0 = Debug|x64
		{3EC069BC-327B-4060-99BB-C7243F37A963}.Debug Library|x86.ActiveCfg = Debug|Win32
		{3EC069BC-327B-4060-99BB-C7243F37A963}.Debug Library|x86.Build.0 = Debug|Win32
		{3EC069BC-327B-4060-99BB-C7243F37A963}.Debug|x64.ActiveCfg = Debug|x64
		{3EC069BC-327B-4060-99BB-C7243F37A963}.Debug|x64.Build.0 = Debug|x64
		{3EC069BC-327B-4060-99BB-C7243F37A963}.Debug|x86.ActiveCfg = Debug|Win32
		{3EC069BC-327B-4060-99BB-C7243F37A963}.Debug|x86.Build.0 = Debug|Win32
		{3EC069BC-327B-4060-99BB-C7243F37A963}.Release Library|x64.ActiveCfg = Release|x64
		{3EC069BC-327B-4060-99BB-C7243F37A963}.Release Library|x64.Build.0 = Release|x64
		{3EC069BC-327B-4060-99BB-C7243F37A963}.Release Library|x86.ActiveCfg = Release|Win32
		{3EC069BC-327B-4060-99BB-C7243F37A963}.Release Library|x86.Build.0 = Release|Win32
		{3EC069BC-327B-4060-99BB-C7243F37A963}.Release|x64.ActiveCfg = Release|x64
		{3EC069BC-327B-4060-99BB-C7243F37A963}.Release|x64.Build.0 = Release|x64
		{3EC069BC-327B-4060-99BB-C7243F37A963}.Release|x86.ActiveCfg = Release|Win32
		{3EC069BC-327B-4060-99BB-C7243F37A963}.Release|x86.Build.0 = Release|Win32
		{2A71F4FE-8812-43E8-8734-4B4148CDB502}.Debug Library|x64.ActiveCfg = Debug|x64
		{2A71F4FE-8812-43E8-8734-4B4148CDB502}.Debug Library|x64.Build.0 = Debug|x64
		{2A71F4FE-8812-43E8-8734-4B4148CDB502}.Debug Library|x86.ActiveCfg = Debug|Win32
		{2A71F4FE-8812-43E8-8734-4B4148CDB502}.Debug Library|x86.Build.0 = Debug|Win32
		{2A71F4FE-8812-43E8-8734-4B4148CDB502}.Debug|x64.ActiveCfg = Debug|x64
		{2A71F4FE-8812-43E8-8734-4B4148CDB502}.Debug|x64.Build.0 = Debug|x64
		{2A71F4FE-8812-43E8-8734-4B4148CDB502}.Debug|x86.ActiveCfg = Debug|Win32
		{2A71F4FE-8812-43E8-8734-4B4148CDB502}.Debug|x86.Build.0 = Debug|Win32
		{2A71F4FE-8812-43E8-8734-4B4148CDB502}.Release Library|x64.ActiveCfg = Release|x64
		{2A71F4FE-8812-43E8-8734-4B4148CDB502}.Release Library|x64.Build.0 = Release|x64
		{2A71F4FE-8812-43E8-8734-4B4148CDB502}.Release Library|x86.ActiveCfg = Release|Win32
		{2A71F4FE-8812-43E8-8734-4B4148CDB502}.Release Library|x86.Build.0 = Release|Win32
		{2A71F4FE-8812-43E8-8734-4B4148CDB502}.Release|x64.ActiveCfg = Release|x64
		{2A71F4FE-8812-43E8-8734-4B4148CDB502}.Release|x64.Build.0 = Release|x64
		{2A71F4FE-8812-43E8-8734-4B4148CDB502}.Release|x86.ActiveCfg = Release|Win32
		{2A71F4FE-8812-43E8-8734-4B4148CDB502}.Release|x86.Build.0 = Release|Win32
		{F7C75BB0-9D27-4C88-BFFD-1D97E768DF91}.Debug Library|x64.ActiveCfg = Debug|x64
		{F7C75BB0-9D27-4C88-BFFD-1D97E768DF91}.Debug Library|x64.Build.0 = Debug|x64
		{F7C75BB0-9D27-4C88-BFFD-1D97E768DF91}.Debug Library|x86.ActiveCfg = Debug|Win32
		{F7C75BB0-9D27-4C88-BFFD-1D97E768DF91}.Debug Library|x86.Build.0 = Debug|Win32
		{F7C75BB0-9D27-4C88-BFFD-1D97E768DF91}.Debug|x64.ActiveCfg = Debug|x64
		{F7C75BB0-9D27-4C88-BFFD-1D97E768DF91}.Debug|x64.Build.0 = Debug|x64
		{F7C75BB0-9D27-4C88-BFFD-1D97E768DF91}.Debug|x86.ActiveCfg = Debug|Win32
		{F7C75BB0-9D27-4C88-BFFD-1D97E768DF91}.Debug|x86.Build.0 = Debug|Win32
		{F7C75BB0-9D27-4C88-BFFD-1D97E768DF91}.Release Library|x64.ActiveCfg = Release|x64
		{F7C75BB0-9D27-4C88-BFFD-1D97E768DF91}.Release Library|x64.Build.0 = Release|x64
		{F7C75BB0-9D27-4C88-BFFD-1D97E768DF91}.Release Library|x86.ActiveCfg = Release|Win32
		{F7C75BB0-9D27-4C88-BFFD-1D97E768DF91}.Release Library|x86.Build.0 = Release|Win32
		{F7C75BB0-9D27-4C88-BFFD-1D97E768DF91}.Release|x64.ActiveCfg = Release|x64
		{F7C75BB0-9D27-4C88-BFFD-1D97E768DF91}.Release|x64.Build.0 = Release|x64
		{F7C75BB0-9D27-4C88-BFFD-1D97E768DF91}.Release|x86.ActiveCfg = Release|Win32
		{F7C75BB0-9D27-4C88-BFFD-1D97E768DF91}.Release|x86.Build.0 = Release|Win32
		{697AB391-07CE-4F3A-B4CB-80077FF7CD85}.Debug Library|x64.ActiveCfg = Debug|x64
		{697AB391-07CE-4F3A-B4CB-80077FF7CD85}.Debug Library|x64.Build.0 = Debug|x64
		{697AB391-07CE-4F3A-B4CB-80077FF7CD85}.Debug Library|x86.ActiveCfg = Debug|Win32
		{697AB391-07CE-4F3A-B4CB-80077FF7CD85}.Debug Library|x86.Build.0 = Debug|Win32
		{697AB391-07CE-4F3A-B4CB-80077FF7CD85}.Debug|x64.ActiveCfg = Debug|x64
		{697AB391-07CE-4F3A-B4CB-80077FF7CD85}.Debug|x64.Build.0 = Debug|x64
		{697AB391-07CE-4F3A-B4CB-80077FF7CD85}.Debug|x86.ActiveCfg = Debug|Win32
		{697AB391-07CE-4F3A-B4CB-80077FF7CD85}.Debug|x86.Build.0 = Debug|Win32
		{697AB391-07CE-4F3A-B4CB-80077FF7CD85}.Release Library|x64.ActiveCfg = Release|x64
		{697AB391-07CE-4F3A-B4CB-80077FF7CD85}.Release Library|x64.Build.0 = Release|x64
		{697AB391-07CE-4F3A-B4CB-80077FF7CD85}.Release Library|x86.ActiveCfg = Release|Win32
		{697AB391-07CE-4F3A-B4CB-80077FF7CD85}.Release Library|x86.Build.0 = Release|Win32
		{697AB391-07CE-4F3A-B4CB-80077FF7CD85}.Release|x64.ActiveCfg = Release|x64
		{697AB391-07CE-4F3A-B4CB-80077FF7CD85}.Release|x64.Build.0 = Release|x64
		{697AB391-07CE-4F3A-B4CB-80077FF7CD85}.Release|x86.ActiveCfg = Release|Win32
		{697AB391-07CE-4F3A-B4CB-80077FF7CD85}.Release|x86.Build.0 = Release|Win32
		{8357BC05-1080-4D51-B46C-8FF7F7013970}.Debug Library|x64.ActiveCfg = Debug|x64
		{8357BC05-1080-4D51-B46C-8FF7F7013970}.Debug Library|x64.Build.0 = Debug|x64
		{8357BC05-1080-4D51-B46C-8FF7F7013970}.Debug Library|x86.ActiveCfg = Debug|Win32
		{8357BC05-1080-4D51-B46C-8FF7F7013970}.Debug Library|x86.Build.0 = Debug|Win32
		{8357BC05-1080-4D51-B46C-8FF7F7013970}.Debug|x64.ActiveCfg = Debug|x64
		{8357BC05-1080-4D51-B46C-8FF7F7013970}.Debug|x64.Build.0 = Debug|x64
		{8357BC05-1080-4D51-B46C-8FF7F7013970}.Debug|x86.ActiveCfg = Debug|Win32
		{8357BC05-1080-4D51-B46C-8FF7F7013970}.Debug|x86.Build.0 = Debug|Win32
		{8357BC05-1080-4D51-B46C-8FF7F7013970}.Release Library|x64.ActiveCfg = Release|x64
		{8357BC05-1080-4D51-B46C-8FF7F7013970}.Release Library|x64.Build.0 = Release|x64
		{8357BC05-1080-4D51-B46C-8FF7F7013970}.Release Library|x86.ActiveCfg = Release|Win32
		{8357BC05-1080-4D51-B46C-8FF7F7013970}.Release Library|x86.Build.0 = Release|Win32
		{8357BC05-1080-4D51-B46C-8FF7F7013970}.Release|x64.ActiveCfg = Release|x64
		{8357BC05-1080-4D51-B46C-8FF7F7013970}.Release|x64.Build.0 = Release|x64
		{8357BC05-1080-4D51-B46C-8FF7F7013970}.Release|x86.ActiveCfg = Release|Win32
		{8357BC05-1080-4D51-B46C-8FF7F7013970}.Release|x86.Build.0 = Release|Win32
		{757112A1-FC49-40C3-BDC7-D2F25955F65B}.Debug Library|x64.ActiveCfg = Debug|x64
		{757112A1-FC49-40C3-BDC7-D2F25955F65B}.Debug Library|x64.Build.0 = Debug|x64
		{757112A1-FC49-40C3-BDC7-D2F25955F65B}.Debug Library|x86.ActiveCfg = Debug|Win32
		{757112A1-FC49-40C3-BDC7-D2F25955F65B}.Debug Library|x86.Build.0 = Debug|Win32
		{757112A1-FC49-40C3-BDC7-D2F25955F65B}.Debug|x64.ActiveCfg = Debug|x64
		{757112A1-FC49-40C3-BDC7-D2F25955F65B}.Debug|x64.Build.0 = Debug|x64
		{757112A1-FC49-40C3-BDC7-D2F25955F65B}.Debug|x86.ActiveCfg = Debug|Win32
		{757112A1-FC49-40C3-BDC7-D2F25955F65B}.Debug|x86.Build.0 = Debug|Win32
		{757112A1-FC49-40C3-BDC7-D2F25955F65B}.Release Library|x64.ActiveCfg = Release|x64
		{757112A1-FC49-40C3-BDC7-D2F25955F65B}.Release Library|x64.Build.0 = Release|x64
		{757112A1-FC49-40C3-BDC7-D2F25955F65B}.Release Library|x86.ActiveCfg = Release|Win32
		{757112A1-FC49-40C3-BDC7-D2F25955F65B}.Release Library|x86.Build.0 = Release|Win32
		{757112A1-FC49-40C3-BDC7-D2F25955F65B}.Release|x64.ActiveCfg = Release|x64
		{757112A1-FC49-40C3-BDC7-D2F25955F65B}.Release|x64.Build.0 = Release|x64
		{757112A1-FC49-40C3-BDC7-D2F25955F65B}.Release|x86.ActiveCfg = Release|Win32
		{757112A1-FC49-40C3-BDC7-D2F25955F65B}.Release|x86.Build.0 = Release|Win32
		{86F8592A-9B2C-43E5-B74F-9FE5A659FD65}.Debug Library|x64.ActiveCfg = Debug|x64
		{86F8592A-9B2C-43E5-B74F-9FE5A659FD65}.Debug Library|x64.Build.0 = Debug|x64
		{86F8592A-9B2C-43E5-B74F-9FE5A659FD65}.Debug Library|x86.ActiveCfg = Debug|Win32
		{86F8592A-9B2C-43E5-B74F-9FE5A659FD65}.Debug Library|x86.Build.0 = Debug|Win32
		{86F8592A-9B2C-43E5-B74F-9FE5A659FD65}.Debug|x64.ActiveCfg = Debug|x64
		{86F8592A-9B2C-43E5-B74F-9FE5A659FD65}.Debug|x64.Build.0 = Debug|x64
		{86F8592A-9B2C-43E5-B74F-9FE5A659FD65}.Debug|x86.ActiveCfg = Debug|Win32
		{86F8592A-9B2C-43E5-B74F-9FE5A659FD65}.Debug|x86.Build.0 = Debug|Win32
		{86F8592A-9B2C-43E5-B74F-9FE5A659FD65}.Release Library|x64.ActiveCfg = Release|x64
		{86F8592A-9B2C-43E5-B74F-9FE5A659FD65}.Release Library|x64.Build.0 = Release|x64
		{86F8592A-9B2C-43E5-B74F-9FE5A659FD65}.Release Library|x86.ActiveCfg = Release|Win32
		{86F8592A-9B2C-43E5-B74F-9FE5A659FD65}.Release Library|x86.Build.0 = Release|Win32
		{86F8592A-9B2C-43E5-B74F-9FE5A659FD65}.Release|x64.ActiveCfg = Release|x64
		{86F8592A-9B2C-43E5-B74F-9FE5A659FD65}.Release|x64.Build.0 = Release|x64
		{86F8592A-9B2C-43E5-B74F-9FE5A659FD65}.Release|x86.ActiveCfg = Release|Win32
		{86F8592A-9B2C-43E5-B74F-9FE5A659FD65}.Release|x86.Build.0 = Release|Win32
		{F31ACCED-9B67-4F6A-9370-775AD7193ED6}.Debug Library|x64.ActiveCfg = Debug|x64
		{F31ACCED-9B67-4F6A-9370-775AD7193ED6}.Debug Library|x64.Build.0 = Debug|x64
		{F31ACCED-9B67-4F6A-9370-775AD7193ED6}.Debug Library|x86.ActiveCfg = Debug|Win32
		{F31ACCED-9B67-4F6A-9370-775AD7193ED6}.Debug Library|x86.Build.0 = Debug|Win32
		{F31ACCED-9B67-4F6A-9370-775AD7193ED6}.Debug|x64.ActiveCfg = Debug|x64
		{F31ACCED-9B67-4F6A-9370-775AD7193ED6}.Debug|x64.Build.0 = Debug|x64
		{F31ACCED-9B67-4F6A-9370-775AD7193ED6}.Debug|x86.ActiveCfg = Debug|Win32
		{F31ACCED-9B67-4F6A-9370-775AD7193ED6}.Debug|x86.Build.0 = Debug|Win32
		{F31ACCED-9B67-4F6A-9370-775AD7193ED6}.Release Library|x64.ActiveCfg = Release|x64
		{F31ACCED-9B67-4F6A-9370-775AD7193ED6}.Release Library|x64.Build.0 = Release|x64
		{F31ACCED-9B67-4F6A-9370-775AD7193ED6}.Release Library|x86.ActiveCfg = Release|Win32
		{F31ACCED-9B67-4F6A-9370-775AD7193ED6}.Release Library|x86.Build.0 = Release|Win32
		{F31ACCED-9B67-4F6A-9370-775AD7193ED6}.Release|x64.ActiveCfg = Release|x64
		{F31ACCED-9B67-4F6A-9370-775AD7193ED6}.Release|x64.Build.0 = Release|x64
		{F31ACCED-9B67-4F6A-9370-775AD7193ED6}.Release|x86.ActiveCfg = Release|Win32
		{F31ACCED-9B67-4F6A-9370-775AD7193ED6}.Release|x86.Build.0 = Release|Win32
		{7F2817C7-914B-4F6A-92AA-9036BB1BF456}.Debug Library|x64.ActiveCfg = Debug|x64
		{7F2817C7-914B-4F6A-92AA-9036BB1BF456}.Debug Library|x64.Build.0 = Debug|x64
		{7F2817C7-914B-4F6A-92AA-9036BB1BF456}.Debug Library|x86.ActiveCfg = Debug|Win32
		{7F2817C7-914B-4F6A-92AA-9036BB1BF456}.Debug Library|x86.Build.0 = Debug|Win32
		{7F2817C7-914B-4F6A-92AA-9036BB1BF456}.Debug|x64.ActiveCfg = Debug|x64
		{7F2817C7-914B-4F6A-92AA-9036BB1BF456}.Debug|x64.Build.0 = Debug|x64
		{7F2817C7-914B-4F6A-92AA-9036BB1BF456}.Debug|x86.ActiveCfg = Debug|Win32
		{7F2817C7-914B-4F6A-92AA-9036BB1BF456}.Debug|x86.Build.0 = Debug|Win32
		{7F2817C7-914B-4F6A-92AA-9036BB1BF456}.Release Library|x64.ActiveCfg = Release|x64
		{7F2817C7-914B-4F6A-92AA-9036BB1BF456}.Release Library|x64.Build.0 = Release|x64
		{7F2817C7-914B-4F6A-92AA-9036BB1BF456}.Release Library|x86.ActiveCfg = Release|Win32
		{7F2817C7-914B-4F6A-92AA-9036BB1BF456}.Release Library|x86.Build.0 = Release|Win32
		{7F2817C7-914B-4F6A-92AA-9036BB1BF456}.Release|x64.ActiveCfg = Release|x64
		{7F2817C7-914B-4F6A-92AA-9036BB1BF456}.Release|x64.Build.0 = Release|x64
		{7F2817C7-914B-4F6A-92AA-9036BB1BF456}.Release|x86.ActiveCfg = Release|Win32
		{7F2817C7-914B-4F6A-92AA-9036BB1BF456}.Release|x86.Build.0 = Release|Win32
		{0B7228BE-85EA-4450-95D0-2FB9FE0B64F2}.Debug Library|x64.ActiveCfg = Debug|x64
		{0B7228BE-85EA-4450-95D0-2FB9FE0B64F2}.Debug Library|x64.Build.0 = Debug|x64
		{0B7228BE-85EA-4450-95D0-2FB9FE0B64F2}.Debug Library|x86.ActiveCfg = Debug|Win32
		{0B7228BE-85EA-4450-95D0-2FB9FE0B64F2}.Debug Library|x86.Build.0 = Debug|Win32
		{0B7228BE-85EA-4450-95D0-2FB9FE0B64F2}.Debug|x64.ActiveCfg = Debug|x64
		{0B7228BE-85EA-4450-95D0-2FB9FE0B64F2}.Debug|x64.Build.0 = Debug|x64
		{0B7228BE-85EA-4450-95D0-2FB9FE0B64F2}.Debug|x86.ActiveCfg = Debug|Win32
		{0B7228BE-85EA-4450-95D0-2FB9FE0B64F2}.Debug|x86.Build.0 = Debug|Win32
		{0B7228BE-85EA-4450-95D0-2FB9FE0B64F2}.Release Library|x64.ActiveCfg = Release|x64
		{0B7228BE-85EA-4450-95D0-2FB9FE0B64F2}.Release Library|x64.Build.0 = Release|x64
		{0B7228BE-85EA-4450-95D0-2FB9FE0B64F2}.Release Library|x86.ActiveCfg = Release|Win32
		{0B7228BE-85EA-4450-95D0-2FB9FE0B64F2}.Release Library|x86.Build.0 = Release|Win32
		{0B7228BE-85EA-4450-95D0-2FB9FE0B64F2}.Release|x64.ActiveCfg = Release|x64
		{0B7228BE-85EA-4450-95D0-2FB9FE0B64F2}.Release|x64.Build.0 = Release|x64
		{0B7228BE-85EA-4450-95D0-2FB9FE0B64F2}.Release|x86.ActiveCfg = Release|Win32
		{0B7228BE-85EA-4450-95D0-2FB9FE0B64F2}.Release|x86.Build.0 = Release|Win32
		{1069861B-C321-49EE-BE88-F5D86B48B5E9}.Debug Library|x64.ActiveCfg = Debug|x64
		{1069861B-C321-49EE-BE88-F5D86B48B5E9}.Debug Library|x64.Build.0 = Debug|x64
		{1069861B-C321-49EE-BE88-F5D86B48B5E9}.Debug Library|x86.ActiveCfg = Debug|Win32
		{1069861B-C321-49EE-BE88-F5D86B48B5E9}.Debug Library|x86.Build.0 = Debug|Win32
		{1069861B-C321-49EE-BE88-F5D86B48B5E9}.Debug|x64.ActiveCfg = Debug|x64
		{1069861B-C321-49EE-BE88-F5D86B48B5E9}.Debug|x64.Build.0 = Debug|x64
		{1069861B-C321-49EE-BE88-F5D86B48B5E9}.Debug|x86.ActiveCfg = Debug|Win32
		{1069861B-C321-49EE-BE88-F5D86B48B5E9}.Debug|x86.Build.0 = Debug|Win32
		{1069861B-C321-49EE-BE88-F5D86B48B5E9}.Release Library|x64.ActiveCfg = Release|x64
		{1069861B-C321-49EE-BE88-F5D86B48B5E9}.Release Library|x64.Build.0 = Release|x64
		{1069861B-C321-49EE-BE88-F5D86B48B5E9}.Release Library|x86.ActiveCfg = Release|Win32
		{1069861B-C321-49EE-BE88-F5D86B48B5E9}.Release Library|x86.Build.0 = Release|Win32
		{1069861B-C321-49EE-BE88-F5D86B48B5E9}.Release|x64.ActiveCfg = Release|x64
		{1069861B-C321-49EE-BE88-F5D86B48B5E9}.Release|x64.Build.0 = Release|x64
		{1069861B-C321-49EE-BE88-F5D86B48B5E9}.Release|x86.ActiveCfg = Release|Win32
		{1069861B-C321-49EE-BE88-F5D86B48B5E9}.Release|x86.Build.0 = Release|Win32
		{0BA51F1A-C217-4D70-8F1E-A6FE74AB9680}.Debug Library|x64.ActiveCfg = Debug|x64
		{0BA51F1A-C217-4D70-8F1E-A6FE74AB9680}.Debug Library|x64.Build.0 = Debug|x64
		{0BA51F1A-C217-4D70-8F1E-A6FE74AB9680}.Debug Library|x86.ActiveCfg = Debug|Win32
		{0BA51F1A-C217-4D70-8F1E-A6FE74AB9680}.Debug Library|x86.Build.0 = Debug|Win32
		{0BA51F1A-C217-4D70-8F1E-A6FE74AB9680}.Debug|x64.ActiveCfg = Debug|x64
		{0BA51F1A-C217-4D70-8F1E-A6FE74AB9680}.Debug|x64.Build.0 = Debug|x64
		{0BA51F1A-C217-4D70-8F1E-A6FE74AB9680}.Debug|x86.ActiveCfg = Debug|Win32
		{0BA51F1A-C217-4D70-8F1E-A6FE74AB9680}.Debug|x86.Build.0 = Debug|Win32
		{0BA51F1A-C217-4D70-8F1E-A6FE74AB9680}.Release Library|x64.ActiveCfg = Release|x64
		{0BA51F1A-C217-4D70-8F1E-A6FE74AB9680}.Release Library|x64.Build.0 = Release|x64
		{0BA51F1A-C217-4D70-8F1E-A6FE74AB9680}.Release Library|x86.ActiveCfg = Release|Win32
		{0BA51F1A-C217-4D70-8F1E-A6FE74AB9680}.Release Library|x86.Build.0 = Release|Win32
		{0BA51F1A-C217-4D70-8F1E-A6FE74AB9680}.Release|x64.ActiveCfg = Release|x64
		{0BA51F1A-C217-4D70-8F1E-A6FE74AB9680}.Release|x64.Build.0 = Release|x64
		{0BA51F1A-C217-4D70-8F1E-A6FE74AB9680}.Release|x86.ActiveCfg = Release|Win32
		{0BA51F1A-C217-4D70-8F1E-A6FE74AB9680}.Release|x86.Build.0 = Release|Win32
		{E7DFA67C-F508-45AD-B2E5-953ADD04FECD}.Debug Library|x64.ActiveCfg = Debug|x64
		{E7DFA67C-F508-45AD-B2E5-953ADD04FECD}.Debug Library|x64.Build.0 = Debug|x64
		{E7DFA67C-F508-45AD-B2E5-953ADD04FECD}.Debug Library|x86.ActiveCfg = Debug|Win32
		{E7DFA67C-F508-45AD-B2E5-953ADD04FECD}.Debug Library|x86.Build.0 = Debug|Win32
		{E7DFA67C-F508-45AD-B2E5-953ADD04FECD}.Debug|x64.ActiveCfg = Debug|x64
		{E7DFA67C-F508-45AD-B2E5-953ADD04FECD}.Debug|x64.Build.0 = Debug|x64
		{E7DFA67C-F508-45AD-B2E5-953ADD04FECD}.Debug|x86.ActiveCfg = Debug|Win32
		{E7DFA67C-F508-45AD-B2E5-953ADD04FECD}.Debug|x86.Build.0 = Debug|Win32
		{E7DFA67C-F508-45AD-B2E5-953ADD04FECD}.Release Library|x64.ActiveCfg = Release|x64
		{E7DFA67C-F508-45AD-B2E5-953ADD04FECD}.Release Library|x64.Build.0 = Release|x64
		{E7DFA67C-F508-45AD-B2E5-953ADD04FECD}.Release Library|x86.ActiveCfg = Release|Win32
		{E7DFA67C-F508-45AD-B2E5-953ADD04FECD}.Release Library|x86.Build.0 = Release|Win32
		{E7DFA67C-F508-45AD-B2E5-953ADD04FECD}.Release|x64.ActiveCfg = Release|x64
		{E7DFA67C-F508-45AD-B2E5-953ADD04FECD}.Release|x64.Build.0 = Release|x64
		{E7DFA67C-F508-45AD-B2E5-953ADD04FECD}.Release|x86.ActiveCfg = Release|Win32
		{E7DFA67C-F508-45AD-B2E5-953ADD04FECD}.Release|x86.Build.0 = Release|Win32
		{580FF7AE-7BEC-4417-B41D-290EC3875932}.Debug Library|x64.ActiveCfg = Debug|x64
		{580FF7AE-7BEC-4417-B41D-290EC3875932}.Debug Library|x64.Build.0 = Debug|x64
		{580FF7AE-7BEC-4417-B41D-290EC3875932}.Debug Library|x86.ActiveCfg = Debug|Win32
		{580FF7AE-7BEC-4417-B41D-290EC3875932}.Debug Library|x86.Build.0 = Debug|Win32
		{580FF7AE-7BEC-4417-B41D-290EC3875932}.Debug|x64.ActiveCfg = Debug|x64
		{580FF7AE-7BEC-4417-B41D-290EC3875932}.Debug|x64.Build.0 = Debug|x64
		{580FF7AE-7BEC-4417-B41D-290EC3875932}.Debug|x86.ActiveCfg = Debug|Win32
		{580FF7AE-7BEC-4417-B41D-290EC3875932}.Debug|x86.Build.0 = Debug|Win32
		{580FF7AE-7BEC-4417-B41D-290EC3875932}.Release Library|x64.ActiveCfg = Release|x64
		{580FF7AE-7BEC-4417-B41D-290EC3875932}.Release Library|x64.Build.0 = Release|x64
		{580FF7AE-7BEC-4417-B41D-290EC3875932}.Release Library|x86.ActiveCfg = Release|Win32
		{580FF7AE-7BEC-4417-B41D-290EC3875932}.Release Library|x86.Build.0 = Release|Win32
		{580FF7AE-7BEC-4417-B41D-290EC3875932}.Release|x64.ActiveCfg = Release|x64
		{580FF7AE-7BEC-4417-B41D-290EC3875932}.Release|x64.Build.0 = Release|x64
		{580FF7AE-7BEC-4417-B41D-290EC3875932}.Release|x86.ActiveCfg = Release|Win32
		{580FF7AE-7BEC-4417-B41D-290EC3875932}.Release|x86.Build.0 = Release|Win32
		{0A82C134-C0E4-46F0-B4F0-7B5761665151}.Debug Library|x64.ActiveCfg = Debug|x64
		{0A82C134-C0E4-46F0-B4F0-7B5761665151}.Debug Library|x64.Build.0 = Debug|x64
		{0A82C134-C0E4-46F0-B4F0-7B5761665151}.Debug Library|x86.ActiveCfg = Debug|Win32
		{0A82C134-C0E4-46F0-B4F0-7B5761665151}.Debug Library|x86.Build.0 = Debug|Win32
		{0A82C134-C0E4-46F0-B4F0-7B5761665151}.Debug|x64.ActiveCfg = Debug|x64
		{0A82C134-C0E4-46F0-B4F0-7B5761665151}.Debug|x64.Build.0 = Debug|x64
		{0A82C134-C0E4-46F0-B4F0-7B5761665151}.Debug|x86.ActiveCfg = Debug|Win32
		{0A82C134-C0E4-46F0-B4F0-7B5761665151}.Debug|x86.Build.0 = Debug|Win32
		{0A82C134-C0E4-46F0-B4F0-7B5761665151}.Release Library|x64.ActiveCfg = Release|x64
		{0A82C134-C0E4-46F0-B4F0-7B5761665151}.Release Library|x64.Build.0 = Release|x64
		{0A82C134-C0E4-46F0-B4F0-7B5761665151}.Release Library|x86.ActiveCfg = Release|Win32
		{0A82C134-C0E4-46F0-B4F0-7B5761665151}.Release Library|x86.Build.0 = Release|Win32
		{0A82C134-C0E4-46F0-B4F0-7B5761665151}.Release|x64.ActiveCfg = Release|x64
		{0A82C134-C0E4-46F0-B4F0-7B5761665151}.Release|x64.Build.0 = Release|x64
		{0A82C134-C0E4-46F0-B4F0-7B5761665151}.Release|x86.ActiveCfg = Release|Win32
		{0A82C134-C0E4-46F0-B4F0-7B5761665151}.Release|x86.Build.0 = Release|Win32
		{C9FE6623-A4D2-42AE-8CFD-07D645056079}.Debug Library|x64.ActiveCfg = Debug|x64
		{C9FE6623-A4D2-42AE-8CFD-07D645056079}.Debug Library|x64.Build.0 = Debug|x64
		{C9FE6623-A4D2-42AE-8CFD-07D645056079}.Debug Library|x86.ActiveCfg = Debug|Win32
		{C9FE6623-A4D2-42AE-8CFD-07D645056079}.Debug Library|x86.Build.0 = Debug|Win32
		{C9FE6623-A4D2-42AE-8CFD-07D645056079}.Debug|x64.ActiveCfg = Debug|x64
		{C9FE6623-A4D2-42AE-8CFD-07D645056079}.Debug|x64.Build.0 = Debug|x64
		{C9FE6623-A4D2-42AE-8CFD-07D645056079}.Debug|x86.ActiveCfg = Debug|Win32
		{C9FE6623-A4D2-42AE-8CFD-07D645056079}.Debug|x86.Build.0 = Debug|Win32
		{C9FE6623-A4D2-42AE-8CFD-07D645056079}.Release Library|x64.ActiveCfg = Release|x64
		{C9FE6623-A4D2-42AE-8CFD-07D645056079}.Release Library|x64.Build.0 = Release|x64
		{C9FE6623-A4D2-42AE-8CFD-07D645056079}.Release Library|x86.ActiveCfg = Release|Win32
		{C9FE6623-A4D2-42AE-8CFD-07D645056079}.Release Library|x86.Build.0 = Release|Win32
		{C9FE6623-A4D2-42AE-8CFD-07D645056079}.Release|x64.ActiveCfg = Release|x64
		{C9FE6623-A4D2-42AE-8CFD-07D645056079}.Release|x64.Build.0 = Release|x64
		{C9FE6623-A4D2-42AE-8CFD-07D645056079}.Release|x86.ActiveCfg = Release|Win32
		{C9FE6623-A4D2-42AE-8CFD-07D645056079}.Release|x86.Build.0 = Release|Win32
		{2704F8A4-B3F2-428D-A5A0-BC0FB03D930D}.Debug Library|x64.ActiveCfg = Debug|x64
		{2704F8A4-B3F2-428D-A5A0-BC0FB03D930D}.Debug Library|x64.Build.0 = Debug|x64
		{2704F8A4-B3F2-428D-A5A0-BC0FB03D930D}.Debug Library|x86.ActiveCfg = Debug|Win32
		{2704F8A4-B3F2-428D-A5A0-BC0FB03D930D}.Debug Library|x86.Build.0 = Debug|Win32
		{2704F8A4-B3F2-428D-A5A0-BC0FB03D930D}.Debug|x64.ActiveCfg = Debug|x64
		{2704F8A4-B3F2-428D-A5A0-BC0FB03D930D}.Debug|x64.Build.0 = Debug|x64
		{2704F8A4-B3F2-428D-A5A0-BC0FB03D930D}.Debug|x86.ActiveCfg = Debug|Win32
		{2704F8A4-B3F2-428D-A5A0-BC0FB03D930D}.Debug|x86.Build.0 = Debug|Win32
		{2704F8A4-B3F2-428D-A5A0-BC0FB03D930D}.Release Library|x64.ActiveCfg = Release|x64
		{2704F8A4-B3F2-428D-A5A0-BC0FB03D930D}.Release Library|x64.Build.0 = Release|x64
		{2704F8A4-B3F2-428D-A5A0-BC0FB03D930D}.Release Library|x86.ActiveCfg = Release|Win32
		{2704F8A4-B3F2-428D-A5A0-BC0FB03D930D}.Release Library|x86.Build.0 = Release|Win32
		{2704F8A4-B3F2-428D-A5A0-BC0FB03D930D}.Release|x64.ActiveCfg = Release|x64
		{2704F8A4-B3F2-428D-A5A0-BC0FB03D930D}.Release|x64.Build.0 = Release|x64
		{2704F8A4-B3F2-428D-A5A0-BC0FB03D930D}.Release|x86.ActiveCfg = Release|Win32
		{2704F8A4-B3F2-428D-A5A0-BC0FB03D930D}.Release|x86.Build.0 = Release|Win32
		{7B6DC8F6-364C-4371-A015-749B87A8278A}.Debug Library|x64.ActiveCfg = Debug|x64
		{7B6DC8F6-364C-4371-A015-749B87A8278A}.Debug Library|x64.Build.0 = Debug|x64
		{7B6DC8F6-364C-4371-A015-749B87A8278A}.Debug Library|x86.ActiveCfg = Debug|Win32
		{7B6DC8F6-364C-4371-A015-749B87A8278A}.Debug Library|x86.Build.0 = Debug|Win32
		{7B6DC8F6-364C-4371-A015-749B87A8278A}.Debug|x64.ActiveCfg = Debug|x64
		{7B6DC8F6-364C-4371-A015-749B87A8278A}.Debug|x64.Build.0 = Debug|x64
		{7B6DC8F6-364C-4371-A015-749B87A8278A}.Debug|x86.ActiveCfg = Debug|Win32
		{7B6DC8F6-364C-4371-A015-749B87A8278A}.Debug|x86.Build.0 = Debug|Win32
		{7B6DC8F6-364C-4371-A015-749B87A8278A}.Release Library|x64.ActiveCfg = Release|x64
		{7B6DC8F6-364C-4371-A015-749B87A8278A}.Release Library|x64.Build.0 = Release|x64
		{7B6DC8F6-364C-4371-A015-749B87A8278A}.Release Library|x86.ActiveCfg = Release|Win32
		{7B6DC8F6-364C-4371-A015-749B87A8278A}.Release Library|x86.Build.0 = Release|Win32
		{7B6DC8F6-364C-4371-A015-749B87A8278A}.Release|x64.ActiveCfg = Release|x64
		{7B6DC8F6-364C-4371-A015-749B87A8278A}.Release|x64.Build.0 = Release|x64
		{7B6DC8F6-364C-4371-A015-749B87A8278A}.Release|x86.ActiveCfg = Release|Win32
		{7B6DC8F6-364C-4371-A015-749B87A8278A}.Release|x86.Build.0 = Release|Win32
		{808005BE-47D5-411B-B778-5DC9970FD329}.Debug Library|x64.ActiveCfg = Debug|x64
		{808005BE-47D5-411B-B778-5DC9970FD329}.Debug Library|x64.Build.0 = Debug|x64
		{808005BE-47D5-411B-B778-5DC9970FD329}.Debug Library|x86.ActiveCfg = Debug|Win32
		{808005BE-47D5-411B-B778-5DC9970FD329}.Debug Library|x86.Build.0 = Debug|Win32
		{808005BE-47D5-411B-B778-5DC9970FD329}.Debug|x64.ActiveCfg = Debug|x64
		{808005BE-47D5-411B-B778-5DC9970FD329}.Debug|x64.Build.0 = Debug|x64
		{808005BE-47D5-411B-B778-5DC9970FD329}.Debug|x86.ActiveCfg = Debug|Win32
		{808005BE-47D5-411B-B778-5DC9970FD329}.Debug|x86.Build.0 = Debug|Win32
		{808005BE-47D5-411B-B778-5DC9970FD329}.Release Library|x64.ActiveCfg = Release|x64
		{808005BE-47D5-411B-B778-5DC9970FD329}.Release Library|x64.Build.0 = Release|x64
		{808005BE-47D5-411B-B778-5DC9970FD329}.Release Library|x86.ActiveCfg = Release|Win32
		{808005BE-47D5-411B-B778-5DC9970FD329}.Release Library|x86.Build.0 = Release|Win32
		{808005BE-47D5-411B-B778-5DC9970FD329}.Release|x64.ActiveCfg = Release|x64
		{808005BE-47D5-411B-B778-5DC9970FD329}.Release|x64.Build.0 = Release|x64
		{808005BE-47D5-411B-B778-5DC9970FD329}.Release|x86.ActiveCfg = Release|Win32
		{808005BE-47D5-411B-B778-5DC9970FD329}.Release|x86.Build.0 = Release|Win32
	EndGlobalSection
	GlobalSection(SolutionProperties) = preSolution
		HideSolutionNode = FALSE
	EndGlobalSection
	GlobalSection(NestedProjects) = preSolution
		{2A71F4FE-8812-43E8-8734-4B4148CDB502} = {2969D47C-3FEF-4165-B594-DC794948EE16}
		{F7C75BB0-9D27-4C88-BFFD-1D97E768DF91} = {BEC6C33A-46EB-4578-89D7-04D03829C25E}
		{697AB391-07CE-4F3A-B4CB-80077FF7CD85} = {BEC6C33A-46EB-4578-89D7-04D03829C25E}
		{8357BC05-1080-4D51-B46C-8FF7F7013970} = {BEC6C33A-46EB-4578-89D7-04D03829C25E}
		{757112A1-FC49-40C3-BDC7-D2F25955F65B} = {BEC6C33A-46EB-4578-89D7-04D03829C25E}
		{86F8592A-9B2C-43E5-B74F-9FE5A659FD65} = {2969D47C-3FEF-4165-B594-DC794948EE16}
		{F31ACCED-9B67-4F6A-9370-775AD7193ED6} = {2969D47C-3FEF-4165-B594-DC794948EE16}
		{7F2817C7-914B-4F6A-92AA-9036BB1BF456} = {2969D47C-3FEF-4165-B594-DC794948EE16}
		{0B7228BE-85EA-4450-95D0-2FB9FE0B64F2} = {2969D47C-3FEF-4165-B594-DC794948EE16}
		{1069861B-C321-49EE-BE88-F5D86B48B5E9} = {2969D47C-3FEF-4165-B594-DC794948EE16}
		{0BA51F1A-C217-4D70-8F1E-A6FE74AB9680} = {BEC6C33A-46EB-4578-89D7-04D03829C25E}
		{E7DFA67C-F508-45AD-B2E5-953ADD04FECD} = {35EBA5D1-8D1E-4E64-AAC4-683A98907C05}
		{580FF7AE-7BEC-4417-B41D-290EC3875932} = {35EBA5D1-8D1E-4E64-AAC4-683A98907C05}
		{0A82C134-C0E4-46F0-B4F0-7B5761665151} = {35EBA5D1-8D1E-4E64-AAC4-683A98907C05}
		{C9FE6623-A4D2-42AE-8CFD-07D645056079} = {35EBA5D1-8D1E-4E64-AAC4-683A98907C05}
		{2704F8A4-B3F2-428D-A5A0-BC0FB03D930D} = {35EBA5D1-8D1E-4E64-AAC4-683A98907C05}
		{7B6DC8F6-364C-4371-A015-749B87A8278A} = {35EBA5D1-8D1E-4E64-AAC4-683A98907C05}
		{808005BE-47D5-411B-B778-5DC9970FD329} = {35EBA5D1-8D1E-4E64-AAC4-683A98907C05}
	EndGlobalSection
	GlobalSection(ExtensibilityGlobals) = postSolution
		SolutionGuid = {0733C832-123A-4987-AA04-804E7A2A9ECC}
	EndGlobalSection
EndGlobal
